Microsoft Visual Studio Solution File, Format Version 12.00
# Visual Studio 2012
Project("{FAE04EC0-301F-11D3-BF4B-00C04F79EFBC}") = "godot-hello-world", "godot-hello-world.csproj", "{43C3B9EB-F6E9-4E4F-8B6E-767C5D286FAE}"
EndProject
Global
	GlobalSection(SolutionConfigurationPlatforms) = preSolution
	Debug|Any CPU = Debug|Any CPU
	ExportDebug|Any CPU = ExportDebug|Any CPU
	ExportRelease|Any CPU = ExportRelease|Any CPU
	EndGlobalSection
	GlobalSection(ProjectConfigurationPlatforms) = postSolution
		{43C3B9EB-F6E9-4E4F-8B6E-767C5D286FAE}.Debug|Any CPU.ActiveCfg = Debug|Any CPU
		{43C3B9EB-F6E9-4E4F-8B6E-767C5D286FAE}.Debug|Any CPU.Build.0 = Debug|Any CPU
		{43C3B9EB-F6E9-4E4F-8B6E-767C5D286FAE}.ExportDebug|Any CPU.ActiveCfg = ExportDebug|Any CPU
		{43C3B9EB-F6E9-4E4F-8B6E-767C5D286FAE}.ExportDebug|Any CPU.Build.0 = ExportDebug|Any CPU
		{43C3B9EB-F6E9-4E4F-8B6E-767C5D286FAE}.ExportRelease|Any CPU.ActiveCfg = ExportRelease|Any CPU
		{43C3B9EB-F6E9-4E4F-8B6E-767C5D286FAE}.ExportRelease|Any CPU.Build.0 = ExportRelease|Any CPU
	EndGlobalSection
EndGlobal
